
Microsoft Visual Studio Solution File, Format Version 12.00
# Visual Studio 2013
VisualStudioVersion = 12.0.30501.0
MinimumVisualStudioVersion = 10.0.40219.1
Project("{FAE04EC0-301F-11D3-BF4B-00C04F79EFBC}") = "Homework1", "Homework1\Homework1.csproj", "{30B35A6F-D899-4607-8D61-441827DD2FC2}"
EndProject
Project("{FAE04EC0-301F-11D3-BF4B-00C04F79EFBC}") = "Homework2", "Homework2\Homework2.csproj", "{10DA6AB8-2FF1-48A2-BBF9-0B89515B4C82}"
EndProject
Project("{FAE04EC0-301F-11D3-BF4B-00C04F79EFBC}") = "Homework3", "Homework3\Homework3.csproj", "{D7AC51B4-64CC-4562-9F21-A175E39CCD60}"
EndProject
Global
	GlobalSection(SolutionConfigurationPlatforms) = preSolution
		Debug|Any CPU = Debug|Any CPU
		Release|Any CPU = Release|Any CPU
	EndGlobalSection
	GlobalSection(ProjectConfigurationPlatforms) = postSolution
		{30B35A6F-D899-4607-8D61-441827DD2FC2}.Debug|Any CPU.ActiveCfg = Debug|Any CPU
		{30B35A6F-D899-4607-8D61-441827DD2FC2}.Debug|Any CPU.Build.0 = Debug|Any CPU
		{30B35A6F-D899-4607-8D61-441827DD2FC2}.Release|Any CPU.ActiveCfg = Release|Any CPU
		{30B35A6F-D899-4607-8D61-441827DD2FC2}.Release|Any CPU.Build.0 = Release|Any CPU
		{10DA6AB8-2FF1-48A2-BBF9-0B89515B4C82}.Debug|Any CPU.ActiveCfg = Debug|Any CPU
		{10DA6AB8-2FF1-48A2-BBF9-0B89515B4C82}.Debug|Any CPU.Build.0 = Debug|Any CPU
		{10DA6AB8-2FF1-48A2-BBF9-0B89515B4C82}.Release|Any CPU.ActiveCfg = Release|Any CPU
		{10DA6AB8-2FF1-48A2-BBF9-0B89515B4C82}.Release|Any CPU.Build.0 = Release|Any CPU
		{D7AC51B4-64CC-4562-9F21-A175E39CCD60}.Debug|Any CPU.ActiveCfg = Debug|Any CPU
		{D7AC51B4-64CC-4562-9F21-A175E39CCD60}.Debug|Any CPU.Build.0 = Debug|Any CPU
		{D7AC51B4-64CC-4562-9F21-A175E39CCD60}.Release|Any CPU.ActiveCfg = Release|Any CPU
		{D7AC51B4-64CC-4562-9F21-A175E39CCD60}.Release|Any CPU.Build.0 = Release|Any CPU
	EndGlobalSection
	GlobalSection(SolutionProperties) = preSolution
		HideSolutionNode = FALSE
	EndGlobalSection
EndGlobal
